hash: 162ac93423cb0e329b0d0c8cc3112e618d4eb56580e1de750f972a7d322571fb
updated: 2016-01-14T20:34:30.34544331+02:00
imports:
- name: collectd.org
  version: 9fc824c70f713ea0f058a07b49a4c563ef2a3b98
  repo: https://collectd.org
- name: github.com/AdRoll/goamz
  version: aa6e716d710a0c7941cb2075cfbb9661f16d21f1
  subpackages:
  - aws
  - cloudfront
  - s3
- name: github.com/agtorre/gocolorize
  version: f42b554bf7f006936130c9bb4f971afd2d87f671
  repo: https://github.com/agtorre/gocolorize
- name: github.com/armon/go-metrics
  version: 345426c77237ece5dab0e1605c3e4b35c3f54757
  repo: https://github.com/armon/go-metrics
- name: github.com/Azure/azure-sdk-for-go
  version: 97d9593768bbbbd316f9c055dfc5f780933cd7fc
  subpackages:
  - storage
- name: github.com/Azure/go-pkcs12
  version: 40102598fec19246e36fb595018ce387dbd7b3cc
  repo: https://github.com/Azure/go-pkcs12
- name: github.com/beorn7/perks
  version: b965b613227fddccbfffe13eae360ed3fa822f8d
  repo: https://github.com/beorn7/perks
- name: github.com/bitly/go-simplejson
  version: aabad6e819789e569bd6aabf444c935aa9ba1e44
  repo: https://github.com/bitly/go-simplejson
- name: github.com/bmizerany/pat
  version: b8a35001b773c267eb260a691f4e5499a3531600
  repo: https://github.com/bmizerany/pat
- name: github.com/boltdb/bolt
  version: 4030e7fbc16465ec02334c93396b57629438096e
- name: github.com/bradfitz/gomemcache
  version: 72a68649ba712ee7c4b5b4a943a626bcd7d90eb8
  repo: https://github.com/bradfitz/gomemcache
- name: github.com/bradfitz/http2
  version: f8202bc903bda493ebba4aa54922d78430c2c42f
- name: github.com/bugsnag/bugsnag-go
  version: b1d153021fcd90ca3f080db36bec96dc690fb274
- name: github.com/bugsnag/osext
  version: 0dd3f918b21bec95ace9dc86c7e70266cfc5c702
- name: github.com/bugsnag/panicwrap
  version: e2c28503fcd0675329da73bf48b33404db873782
- name: github.com/BurntSushi/toml
  version: 5c4df71dfe9ac89ef6287afc05e4c1b16ae65a1e
  repo: https://github.com/BurntSushi/toml
- name: github.com/cbroglie/mapstructure
  version: 25325b46b67d1c3eb7d58bad37d34d89a31cf9ec
  repo: https://github.com/cbroglie/mapstructure
- name: github.com/DataDog/datadog-go
  version: bc97e0770ad4edae1c9dc14beb40b79b2dde32f8
  repo: https://github.com/DataDog/datadog-go
- name: github.com/dchest/uniuri
  version: 53057c437f6ee51004d86e38f45be42273beff05
- name: github.com/deckarep/golang-set
  version: 52ba7f28f319e9d560acbf47c7fcf9b9ee7aa7d3
- name: github.com/denverdino/aliyungo
  version: 6ffb587da9da6d029d0ce517b85fecc82172d502
  subpackages:
  - oss
  - util
  - common
- name: github.com/dgryski/go-bits
  version: 86c69b3c986f9d40065df5bd8f765796549eef2e
  repo: https://github.com/dgryski/go-bits
- name: github.com/dgryski/go-bitstream
  version: 27cd5973303fde7d914860be1ea4b927a6be0c92
  repo: https://github.com/dgryski/go-bitstream
- name: github.com/docker/distribution
  version: 2a9849e5523e90c18843c17e5cf3643d07f49030
  subpackages:
  - /registry/auth/token
- name: github.com/docker/libtrust
  version: fa567046d9b14f6aa788882a950d69651d230b21
- name: github.com/facebookgo/clock
  version: 600d898af40aa09a7a93ecb9265d87b0504b6f03
  repo: https://github.com/facebookgo/clock
- name: github.com/facebookgo/httpdown
  version: 1fa03998d20119dfe4ef73f56a638d83048052e2
- name: github.com/facebookgo/stats
  version: 1b76add642e42c6ffba7211ad7b3939ce654526e
  repo: https://github.com/facebookgo/stats
- name: github.com/feyeleanor/raw
  version: 724aedf6e1a5d8971aafec384b6bde3d5608fba4
  repo: https://github.com/feyeleanor/raw
- name: github.com/feyeleanor/sets
  version: 6c54cb57ea406ff6354256a4847e37298194478f
  repo: https://github.com/feyeleanor/sets
- name: github.com/feyeleanor/slices
  version: bb44bb2e4817fe71ba7082d351fd582e7d40e3ea
  repo: https://github.com/feyeleanor/slices
- name: github.com/garyburd/redigo
  version: 535138d7bcd717d6531c701ef5933d98b1866257
  subpackages:
  - internal
  - redis
- name: github.com/getsentry/raven-go
  version: 1cc47a9463b90f246a0503d4c2e9a55c9459ced3
  repo: https://github.com/getsentry/raven-go
- name: github.com/go-ldap/ldap
  version: f24903dc69b694cd18db4724d714ac47e4fad4f2
- name: github.com/gogo/protobuf
  version: c57e439bad574c2e0877ff18d514badcfced004d
  repo: https://github.com/gogo/protobuf
- name: github.com/golang/glog
  version: fca8c8854093a154ff1eb580aae10276ad6b1b5f
- name: github.com/golang/protobuf
  version: 0f7a9caded1fb3c9cc5a9b4bcf2ff633cc8ae644
- name: github.com/golang/snappy
  version: 723cc1e459b8eea2dea4583200fd60757d40097a
  repo: https://github.com/golang/snappy
- name: github.com/gorilla/context
  version: 14f550f51af52180c2eefed15e5fd18d63c0a64a
- name: github.com/gorilla/handlers
  version: 60c7bfde3e33c201519a200a4507a158cc03a17b
- name: github.com/gorilla/mux
  version: e444e69cbd2e2e3e0749a2f3c717cec491552bbf
- name: github.com/hashicorp/go-msgpack
  version: fa3f63826f7c23912c15263591e65d54d080b458
  repo: https://github.com/hashicorp/go-msgpack
- name: github.com/hashicorp/raft
  version: d136cd15dfb7876fd7c89cad1995bc4f19ceb294
  repo: https://github.com/hashicorp/raft
- name: github.com/hashicorp/raft-boltdb
  version: d1e82c1ec3f15ee991f7cc7ffd5b67ff6f5bbaee
  repo: https://github.com/hashicorp/raft-boltdb
- name: github.com/inconshreveable/mousetrap
  version: 76626ae9c91c4f2a10f34cad8ce83ea42c93bb75
- name: github.com/influxdb/influxdb
  version: ba7fc7d54802a777f345a583e1e3306947cf447b
  repo: https://github.com/influxdb/influxdb
- name: github.com/influxdb/usage-client
  version: 475977e68d79883d9c8d67131c84e4241523f452
  repo: https://github.com/influxdb/usage-client
- name: github.com/julienschmidt/httprouter
  version: 21439ef4d70ba4f3e2a5ed9249e7b03af4019b40
  repo: https://github.com/julienschmidt/httprouter
- name: github.com/jwilder/encoding
  version: 07d88d4f35eec497617bee0c7bfe651a796dae13
  repo: https://github.com/jwilder/encoding
- name: github.com/kimor79/gollectd
  version: 61d0deeb4ffcc167b2a1baa8efd72365692811bc
  repo: https://github.com/kimor79/gollectd
- name: github.com/matttproud/golang_protobuf_extensions
  version: d0c3fe89de86839aecf2e0579c40ba3bb336a453
  repo: https://github.com/matttproud/golang_protobuf_extensions
- name: github.com/mediocregopher/radix.v2
  version: 91435107718b55ff544323a2b0f25fdd8475d283
  subpackages:
  - /pool
- name: github.com/mitchellh/mapstructure
  version: 482a9fd5fa83e8c4e7817413b80f3eb8feec03ef
- name: github.com/ncw/swift
  version: c54732e87b0b283d1baf0a18db689d0aea460ba3
- name: github.com/noahdesu/go-ceph
  version: b15639c44c05368348355229070361395d9152ee
  subpackages:
  - rados
- name: github.com/onsi/ginkgo
  version: e43390e35a4a88f3f95d5ddf9055efb7a1170469
  repo: https://github.com/onsi/ginkgo
- name: github.com/onsi/gomega
  version: 0fe204460da2c8fa1babcaac196e694de8f1aaa1
  repo: https://github.com/onsi/gomega
- name: github.com/paulbellamy/ratecounter
  version: 5a11f585a31379765c190c033b6ad39956584447
  repo: https://github.com/paulbellamy/ratecounter
- name: github.com/peterh/liner
  version: d5e5aeeb67ca5aeeddeb0b6c3af05421ff63a0b6
  repo: https://github.com/peterh/liner
- name: github.com/prometheus/client_golang
  version: 67994f177195311c3ea3d4407ed0175e34a4256f
  repo: https://github.com/prometheus/client_golang
- name: github.com/prometheus/client_model
  version: fa8ad6fec33561be4280a8f0514318c79d7f6cb6
  repo: https://github.com/prometheus/client_model
- name: github.com/prometheus/common
  version: 0a3005bb37bc411040083a55372e77c405f6464c
  repo: https://github.com/prometheus/common
- name: github.com/prometheus/procfs
  version: 406e5b7bfd8201a36e2bb5f7bdae0b03380c2ce8
  repo: https://github.com/prometheus/procfs
- name: github.com/rakyll/statik
  version: 274df120e9065bdd08eb1120e0375e3dc1ae8465
  repo: https://github.com/rakyll/statik
- name: github.com/rcrowley/go-metrics
  version: 51425a2415d21afadfd55cd93432c0bc69e9598d
  repo: https://github.com/rcrowley/go-metrics
- name: github.com/revel/revel
  version: a9a2ff45fae4330ef4116b257bcf9c82e53350c2
  repo: https://github.com/revel/revel
- name: github.com/robfig/config
  version: 0f78529c8c7e3e9a25f15876532ecbc07c7d99e6
  repo: https://github.com/robfig/config
- name: github.com/robfig/go-cache
  version: 9fc39e0dbf62c034ec4e45e6120fc69433a3ec51
  repo: https://github.com/robfig/go-cache
- name: github.com/robfig/pathtree
  version: 41257a1839e945fce74afd070e02bab2ea2c776a
  repo: https://github.com/robfig/pathtree
- name: github.com/Sirupsen/logrus
  version: 55eb11d21d2a31a3cc93838241d04800f52e823d
- name: github.com/spf13/cobra
  version: 312092086bed4968099259622145a0c9ae280064
- name: github.com/spf13/pflag
  version: 5644820622454e71517561946e3d94b9f9db6842
- name: github.com/stathat/go
  version: 01d012b9ee2ecc107cb28b6dd32d9019ed5c1d77
  repo: https://github.com/stathat/go
- name: github.com/stevvooe/resumable
  version: 51ad44105773cafcbe91927f70ac68e1bf78f8b4
- name: github.com/syndtr/goleveldb
  version: 5acacf6e72d3aeaf26dd3d3f163c635d3ef1e6e6
  subpackages:
  - /leveldb
- name: github.com/tobi/airbrake-go
  version: a3cdd910a3ffef88a20fbecc10363a520ad61a0a
  repo: https://github.com/tobi/airbrake-go
- name: github.com/yvasiyarov/go-metrics
  version: 57bccd1ccd43f94bb17fdd8bf3007059b802f85e
- name: github.com/yvasiyarov/gorelic
  version: a9bba5b9ab508a086f9a12b8c51fab68478e2128
- name: github.com/yvasiyarov/newrelic_platform_go
  version: b21fdbd4370f3717f3bbd2bf41c223bc273068e6
- name: golang.org/x/crypto
  version: c10c31b5e94b6f7a0283272dc2bb27163dcea24b
  subpackages:
  - /bcrypt
- name: golang.org/x/net
  version: 2cba614e8ff920c60240d2677bc019af32ee04e5
  subpackages:
  - context
  - trace
- name: golang.org/x/oauth2
  version: 8914e5017ca260f2a3a1575b1e6868874050d95e
  subpackages:
  - google
- name: golang.org/x/text
  version: cf4986612c83df6c55578ba198316d1684a9a287
  repo: https://golang.org/x/text
- name: google.golang.org/api
  version: 18450f4e95c7e76ce3a5dc3a8cb7178ab6d56121
  subpackages:
  - storage/v1
- name: google.golang.org/appengine
  version: 54bf9150c922186bfc45a00bf9dfcb91a5063275
  repo: https://google.golang.org/appengine
- name: google.golang.org/cloud
  version: 2400193c85c3561d13880d34e0e10c4315bb02af
  subpackages:
  - storage
- name: google.golang.org/grpc
  version: 91c8b79535eb6045d70ec671d302213f88a3ab95
- name: gopkg.in/asn1-ber.v1
  version: 4e86f4367175e39f69d9358a5f17b4dda270378d
  repo: https://gopkg.in/asn1-ber.v1
- name: gopkg.in/check.v1
  version: 64131543e7896d5bcc6bd5a76287eb75ea96c673
- name: gopkg.in/fatih/pool.v2
  version: cba550ebf9bce999a02e963296d4bc7a486cb715
  repo: https://gopkg.in/fatih/pool.v2
- name: gopkg.in/fsnotify.v1
  version: 8611c35ab31c1c28aa903d33cf8b6e44a399b09e
- name: gopkg.in/yaml.v2
  version: bef53efd0c76e49e6de55ead051f886bea7e9420
devImports: []
